// !$*UTF8*$!
{
	archiveVersion = 1;
	classes = {
	};
	objectVersion = 46;
	objects = {

/* Begin PBXBuildFile section */
		FF317B6E1B444D0D006855A6 /* TimeSelector.swift in Sources */ = {isa = PBXBuildFile; fileRef = FF317B6D1B444D0D006855A6 /* TimeSelector.swift */; };
		FF317B701B444E47006855A6 /* DotsCommon.swift in Sources */ = {isa = PBXBuildFile; fileRef = FF317B6F1B444E47006855A6 /* DotsCommon.swift */; };
		FF317B721B448CF8006855A6 /* GoogleMobileAds.framework in Frameworks */ = {isa = PBXBuildFile; fileRef = FF317B711B448CF8006855A6 /* GoogleMobileAds.framework */; };
		FF317B741B448D2A006855A6 /* SystemConfiguration.framework in Frameworks */ = {isa = PBXBuildFile; fileRef = FF317B731B448D2A006855A6 /* SystemConfiguration.framework */; };
		FF317B761B448D37006855A6 /* MessageUI.framework in Frameworks */ = {isa = PBXBuildFile; fileRef = FF317B751B448D37006855A6 /* MessageUI.framework */; };
		FF317B791B448D3F006855A6 /* EventKit.framework in Frameworks */ = {isa = PBXBuildFile; fileRef = FF317B771B448D3F006855A6 /* EventKit.framework */; };
		FF317B7A1B448D3F006855A6 /* EventKitUI.framework in Frameworks */ = {isa = PBXBuildFile; fileRef = FF317B781B448D3F006855A6 /* EventKitUI.framework */; };
		FF317B7C1B448D44006855A6 /* CoreTelephony.framework in Frameworks */ = {isa = PBXBuildFile; fileRef = FF317B7B1B448D44006855A6 /* CoreTelephony.framework */; };
		FF317B7E1B448D4A006855A6 /* CoreMedia.framework in Frameworks */ = {isa = PBXBuildFile; fileRef = FF317B7D1B448D4A006855A6 /* CoreMedia.framework */; };
		FF317B801B448D4F006855A6 /* CoreGraphics.framework in Frameworks */ = {isa = PBXBuildFile; fileRef = FF317B7F1B448D4F006855A6 /* CoreGraphics.framework */; };
		FF317B821B448D55006855A6 /* AVFoundation.framework in Frameworks */ = {isa = PBXBuildFile; fileRef = FF317B811B448D55006855A6 /* AVFoundation.framework */; };
		FF317B841B448D5C006855A6 /* AudioToolbox.framework in Frameworks */ = {isa = PBXBuildFile; fileRef = FF317B831B448D5C006855A6 /* AudioToolbox.framework */; };
		FF317B861B448D61006855A6 /* AdSupport.framework in Frameworks */ = {isa = PBXBuildFile; fileRef = FF317B851B448D61006855A6 /* AdSupport.framework */; };
		FF317BA71B44AB76006855A6 /* libsqlite3.dylib in Frameworks */ = {isa = PBXBuildFile; fileRef = FF317B981B44A824006855A6 /* libsqlite3.dylib */; };
		FF317BA81B44AC04006855A6 /* Main.storyboard in Resources */ = {isa = PBXBuildFile; fileRef = FF4A3A1D1B3B4BA300CBFA13 /* Main.storyboard */; };
		FF317BA91B44AC08006855A6 /* LaunchScreen.xib in Resources */ = {isa = PBXBuildFile; fileRef = FF4A3A1F1B3B4BA300CBFA13 /* LaunchScreen.xib */; };
		FF317BB11B44AC5C006855A6 /* __vungle.db in Resources */ = {isa = PBXBuildFile; fileRef = FF317BAB1B44AC5C006855A6 /* __vungle.db */; };
		FF317BB21B44AC5C006855A6 /* vg_close.png in Resources */ = {isa = PBXBuildFile; fileRef = FF317BAC1B44AC5C006855A6 /* vg_close.png */; };
		FF317BB31B44AC5C006855A6 /* vg_cta.png in Resources */ = {isa = PBXBuildFile; fileRef = FF317BAD1B44AC5C006855A6 /* vg_cta.png */; };
		FF317BB41B44AC5C006855A6 /* vg_mute_off.png in Resources */ = {isa = PBXBuildFile; fileRef = FF317BAE1B44AC5C006855A6 /* vg_mute_off.png */; };
		FF317BB51B44AC5C006855A6 /* vg_mute_on.png in Resources */ = {isa = PBXBuildFile; fileRef = FF317BAF1B44AC5C006855A6 /* vg_mute_on.png */; };
		FF317BB61B44AC5C006855A6 /* vg_timer.png in Resources */ = {isa = PBXBuildFile; fileRef = FF317BB01B44AC5C006855A6 /* vg_timer.png */; };
		FF317BBF1B44DFBE006855A6 /* Bolts.framework in Frameworks */ = {isa = PBXBuildFile; fileRef = FF317BBD1B44DFBE006855A6 /* Bolts.framework */; };
		FF317BC01B44DFBE006855A6 /* Parse.framework in Frameworks */ = {isa = PBXBuildFile; fileRef = FF317BBE1B44DFBE006855A6 /* Parse.framework */; };
		FF317BC21B44DFDB006855A6 /* libz.dylib in Frameworks */ = {isa = PBXBuildFile; fileRef = FF317BC11B44DFDB006855A6 /* libz.dylib */; };
		FF317BC41B44DFEB006855A6 /* CFNetwork.framework in Frameworks */ = {isa = PBXBuildFile; fileRef = FF317BC31B44DFEB006855A6 /* CFNetwork.framework */; };
		FF317BC61B44DFF4006855A6 /* CoreLocation.framework in Frameworks */ = {isa = PBXBuildFile; fileRef = FF317BC51B44DFF4006855A6 /* CoreLocation.framework */; };
		FF317BC81B44DFFC006855A6 /* MobileCoreServices.framework in Frameworks */ = {isa = PBXBuildFile; fileRef = FF317BC71B44DFFC006855A6 /* MobileCoreServices.framework */; };
		FF317BCA1B44E022006855A6 /* QuartzCore.framework in Frameworks */ = {isa = PBXBuildFile; fileRef = FF317BC91B44E022006855A6 /* QuartzCore.framework */; };
		FF317BCC1B44E029006855A6 /* Security.framework in Frameworks */ = {isa = PBXBuildFile; fileRef = FF317BCB1B44E029006855A6 /* Security.framework */; };
		FF4885B91B41E94800076C2B /* Armageda Wide.ttf in Resources */ = {isa = PBXBuildFile; fileRef = FF4885B81B41E94800076C2B /* Armageda Wide.ttf */; };
		FF4A39EB1B3B4A0C00CBFA13 /* I_Love_DotsTests.swift in Sources */ = {isa = PBXBuildFile; fileRef = FF4A39EA1B3B4A0C00CBFA13 /* I_Love_DotsTests.swift */; };
		FF4A39F61B3B4A0D00CBFA13 /* I_Love_DotsUITests.swift in Sources */ = {isa = PBXBuildFile; fileRef = FF4A39F51B3B4A0D00CBFA13 /* I_Love_DotsUITests.swift */; };
		FF4A3A041B3B4B0600CBFA13 /* Images.xcassets in Resources */ = {isa = PBXBuildFile; fileRef = FF4A3A031B3B4B0600CBFA13 /* Images.xcassets */; };
		FF4A3A101B3B4B3600CBFA13 /* DBasicLevel.swift in Sources */ = {isa = PBXBuildFile; fileRef = FF4A3A071B3B4B3600CBFA13 /* DBasicLevel.swift */; };
		FF4A3A111B3B4B3600CBFA13 /* GameModeSelector.swift in Sources */ = {isa = PBXBuildFile; fileRef = FF4A3A081B3B4B3600CBFA13 /* GameModeSelector.swift */; };
		FF4A3A121B3B4B3600CBFA13 /* GameOver.swift in Sources */ = {isa = PBXBuildFile; fileRef = FF4A3A091B3B4B3600CBFA13 /* GameOver.swift */; };
		FF4A3A131B3B4B3600CBFA13 /* GameScene.swift in Sources */ = {isa = PBXBuildFile; fileRef = FF4A3A0A1B3B4B3600CBFA13 /* GameScene.swift */; };
		FF4A3A141B3B4B3600CBFA13 /* GameViewController.swift in Sources */ = {isa = PBXBuildFile; fileRef = FF4A3A0B1B3B4B3600CBFA13 /* GameViewController.swift */; };
		FF4A3A151B3B4B3600CBFA13 /* Infinite.swift in Sources */ = {isa = PBXBuildFile; fileRef = FF4A3A0C1B3B4B3600CBFA13 /* Infinite.swift */; };
		FF4A3A161B3B4B3600CBFA13 /* LoadingScreen.swift in Sources */ = {isa = PBXBuildFile; fileRef = FF4A3A0D1B3B4B3600CBFA13 /* LoadingScreen.swift */; };
		FF4A3A171B3B4B3600CBFA13 /* MainMenu.swift in Sources */ = {isa = PBXBuildFile; fileRef = FF4A3A0E1B3B4B3600CBFA13 /* MainMenu.swift */; };
		FF4A3A181B3B4B3600CBFA13 /* TimeTrial.swift in Sources */ = {isa = PBXBuildFile; fileRef = FF4A3A0F1B3B4B3600CBFA13 /* TimeTrial.swift */; };
		FF4A3A1C1B3B4B7600CBFA13 /* AppDelegate.swift in Sources */ = {isa = PBXBuildFile; fileRef = FF4A3A1B1B3B4B7600CBFA13 /* AppDelegate.swift */; };
		FF5DEE891B3DD62300FE6C72 /* SettingsPane.swift in Sources */ = {isa = PBXBuildFile; fileRef = FF5DEE881B3DD62300FE6C72 /* SettingsPane.swift */; };
		FF6D47E11B49978800B33F6D /* VungleSDK.framework in Frameworks */ = {isa = PBXBuildFile; fileRef = FF892D6E1B46728100D47E2F /* VungleSDK.framework */; };
		FF9C9FF51B4512E1007C3A14 /* StoreKit.framework in Frameworks */ = {isa = PBXBuildFile; fileRef = FF9C9FF41B4512E1007C3A14 /* StoreKit.framework */; };
		FFAA739A1B479FD800D90156 /* Multiplayer.swift in Sources */ = {isa = PBXBuildFile; fileRef = FFAA73991B479FD800D90156 /* Multiplayer.swift */; };
		FFAA739C1B47BC8200D90156 /* PositionPacket.swift in Sources */ = {isa = PBXBuildFile; fileRef = FFAA739B1B47BC8200D90156 /* PositionPacket.swift */; };
		FFB4F42F1B3C817A00B2D6BE /* GameKit.framework in Frameworks */ = {isa = PBXBuildFile; fileRef = FF4A3A291B3B4C9F00CBFA13 /* GameKit.framework */; };
		FFC254451B3B992C001459A2 /* Supporting Files in Resources */ = {isa = PBXBuildFile; fileRef = FFC254441B3B992C001459A2 /* Supporting Files */; };
		FFC254471B3B99B5001459A2 /* Blackout Sunrise.ttf in Resources */ = {isa = PBXBuildFile; fileRef = FFC254461B3B99B5001459A2 /* Blackout Sunrise.ttf */; };
		FFD4C0381B41B0F100D9E1BD /* DancingDot.swift in Sources */ = {isa = PBXBuildFile; fileRef = FFD4C0371B41B0F100D9E1BD /* DancingDot.swift */; };
		FFFC62CB1B3B615B00B3D8CF /* GameScene.sks in Resources */ = {isa = PBXBuildFile; fileRef = FFFC62CA1B3B615B00B3D8CF /* GameScene.sks */; };
		FFFC62CD1B3B620B00B3D8CF /* blop.wav in Resources */ = {isa = PBXBuildFile; fileRef = FFFC62CC1B3B620B00B3D8CF /* blop.wav */; };
/* End PBXBuildFile section */

/* Begin PBXContainerItemProxy section */
		FF4A39E71B3B4A0C00CBFA13 /* PBXContainerItemProxy */ = {
			isa = PBXContainerItemProxy;
			containerPortal = FF4A39C61B3B4A0C00CBFA13 /* Project object */;
			proxyType = 1;
			remoteGlobalIDString = FF4A39CD1B3B4A0C00CBFA13;
			remoteInfo = "I Love Dots";
		};
		FF4A39F21B3B4A0D00CBFA13 /* PBXContainerItemProxy */ = {
			isa = PBXContainerItemProxy;
			containerPortal = FF4A39C61B3B4A0C00CBFA13 /* Project object */;
			proxyType = 1;
			remoteGlobalIDString = FF4A39CD1B3B4A0C00CBFA13;
			remoteInfo = "I Love Dots";
		};
/* End PBXContainerItemProxy section */

/* Begin PBXFileReference section */
		FF2D11A61B451DBF00084A7D /* VungleSDK.framework */ = {isa = PBXFileReference; lastKnownFileType = wrapper.framework; name = VungleSDK.framework; path = "I Love Dots/VungleSDK.framework"; sourceTree = "<group>"; };
		FF317B6D1B444D0D006855A6 /* TimeSelector.swift */ = {isa = PBXFileReference; fileEncoding = 4; lastKnownFileType = sourcecode.swift; path = TimeSelector.swift; sourceTree = "<group>"; };
		FF317B6F1B444E47006855A6 /* DotsCommon.swift */ = {isa = PBXFileReference; fileEncoding = 4; lastKnownFileType = sourcecode.swift; path = DotsCommon.swift; sourceTree = "<group>"; };
		FF317B711B448CF8006855A6 /* GoogleMobileAds.framework */ = {isa = PBXFileReference; lastKnownFileType = wrapper.framework; name = GoogleMobileAds.framework; path = "../../../Downloads/GoogleMobileAdsSdkiOS-7.3.1/GoogleMobileAds.framework"; sourceTree = "<group>"; };
		FF317B731B448D2A006855A6 /* SystemConfiguration.framework */ = {isa = PBXFileReference; lastKnownFileType = wrapper.framework; name = SystemConfiguration.framework; path = System/Library/Frameworks/SystemConfiguration.framework; sourceTree = SDKROOT; };
		FF317B751B448D37006855A6 /* MessageUI.framework */ = {isa = PBXFileReference; lastKnownFileType = wrapper.framework; name = MessageUI.framework; path = System/Library/Frameworks/MessageUI.framework; sourceTree = SDKROOT; };
		FF317B771B448D3F006855A6 /* EventKit.framework */ = {isa = PBXFileReference; lastKnownFileType = wrapper.framework; name = EventKit.framework; path = System/Library/Frameworks/EventKit.framework; sourceTree = SDKROOT; };
		FF317B781B448D3F006855A6 /* EventKitUI.framework */ = {isa = PBXFileReference; lastKnownFileType = wrapper.framework; name = EventKitUI.framework; path = System/Library/Frameworks/EventKitUI.framework; sourceTree = SDKROOT; };
		FF317B7B1B448D44006855A6 /* CoreTelephony.framework */ = {isa = PBXFileReference; lastKnownFileType = wrapper.framework; name = CoreTelephony.framework; path = System/Library/Frameworks/CoreTelephony.framework; sourceTree = SDKROOT; };
		FF317B7D1B448D4A006855A6 /* CoreMedia.framework */ = {isa = PBXFileReference; lastKnownFileType = wrapper.framework; name = CoreMedia.framework; path = System/Library/Frameworks/CoreMedia.framework; sourceTree = SDKROOT; };
		FF317B7F1B448D4F006855A6 /* CoreGraphics.framework */ = {isa = PBXFileReference; lastKnownFileType = wrapper.framework; name = CoreGraphics.framework; path = System/Library/Frameworks/CoreGraphics.framework; sourceTree = SDKROOT; };
		FF317B811B448D55006855A6 /* AVFoundation.framework */ = {isa = PBXFileReference; lastKnownFileType = wrapper.framework; name = AVFoundation.framework; path = System/Library/Frameworks/AVFoundation.framework; sourceTree = SDKROOT; };
		FF317B831B448D5C006855A6 /* AudioToolbox.framework */ = {isa = PBXFileReference; lastKnownFileType = wrapper.framework; name = AudioToolbox.framework; path = System/Library/Frameworks/AudioToolbox.framework; sourceTree = SDKROOT; };
		FF317B851B448D61006855A6 /* AdSupport.framework */ = {isa = PBXFileReference; lastKnownFileType = wrapper.framework; name = AdSupport.framework; path = System/Library/Frameworks/AdSupport.framework; sourceTree = SDKROOT; };
		FF317B971B44A5E9006855A6 /* I_Love_Dots_Bridging_Header.h */ = {isa = PBXFileReference; lastKnownFileType = sourcecode.c.h; path = I_Love_Dots_Bridging_Header.h; sourceTree = "<group>"; };
		FF317B981B44A824006855A6 /* libsqlite3.dylib */ = {isa = PBXFileReference; lastKnownFileType = "compiled.mach-o.dylib"; name = libsqlite3.dylib; path = usr/lib/libsqlite3.dylib; sourceTree = SDKROOT; };
		FF317BAB1B44AC5C006855A6 /* __vungle.db */ = {isa = PBXFileReference; lastKnownFileType = file; path = __vungle.db; sourceTree = "<group>"; };
		FF317BAC1B44AC5C006855A6 /* vg_close.png */ = {isa = PBXFileReference; lastKnownFileType = image.png; path = vg_close.png; sourceTree = "<group>"; };
		FF317BAD1B44AC5C006855A6 /* vg_cta.png */ = {isa = PBXFileReference; lastKnownFileType = image.png; path = vg_cta.png; sourceTree = "<group>"; };
		FF317BAE1B44AC5C006855A6 /* vg_mute_off.png */ = {isa = PBXFileReference; lastKnownFileType = image.png; path = vg_mute_off.png; sourceTree = "<group>"; };
		FF317BAF1B44AC5C006855A6 /* vg_mute_on.png */ = {isa = PBXFileReference; lastKnownFileType = image.png; path = vg_mute_on.png; sourceTree = "<group>"; };
		FF317BB01B44AC5C006855A6 /* vg_timer.png */ = {isa = PBXFileReference; lastKnownFileType = image.png; path = vg_timer.png; sourceTree = "<group>"; };
		FF317BBD1B44DFBE006855A6 /* Bolts.framework */ = {isa = PBXFileReference; lastKnownFileType = wrapper.framework; name = Bolts.framework; path = "../../../Downloads/parse-library-1.7.5/Bolts.framework"; sourceTree = "<group>"; };
		FF317BBE1B44DFBE006855A6 /* Parse.framework */ = {isa = PBXFileReference; lastKnownFileType = wrapper.framework; name = Parse.framework; path = "../../../Downloads/parse-library-1.7.5/Parse.framework"; sourceTree = "<group>"; };
		FF317BC11B44DFDB006855A6 /* libz.dylib */ = {isa = PBXFileReference; lastKnownFileType = "compiled.mach-o.dylib"; name = libz.dylib; path = usr/lib/libz.dylib; sourceTree = SDKROOT; };
		FF317BC31B44DFEB006855A6 /* CFNetwork.framework */ = {isa = PBXFileReference; lastKnownFileType = wrapper.framework; name = CFNetwork.framework; path = System/Library/Frameworks/CFNetwork.framework; sourceTree = SDKROOT; };
		FF317BC51B44DFF4006855A6 /* CoreLocation.framework */ = {isa = PBXFileReference; lastKnownFileType = wrapper.framework; name = CoreLocation.framework; path = System/Library/Frameworks/CoreLocation.framework; sourceTree = SDKROOT; };
		FF317BC71B44DFFC006855A6 /* MobileCoreServices.framework */ = {isa = PBXFileReference; lastKnownFileType = wrapper.framework; name = MobileCoreServices.framework; path = System/Library/Frameworks/MobileCoreServices.framework; sourceTree = SDKROOT; };
		FF317BC91B44E022006855A6 /* QuartzCore.framework */ = {isa = PBXFileReference; lastKnownFileType = wrapper.framework; name = QuartzCore.framework; path = System/Library/Frameworks/QuartzCore.framework; sourceTree = SDKROOT; };
		FF317BCB1B44E029006855A6 /* Security.framework */ = {isa = PBXFileReference; lastKnownFileType = wrapper.framework; name = Security.framework; path = System/Library/Frameworks/Security.framework; sourceTree = SDKROOT; };
		FF4885B61B41E82000076C2B /* Armageda Wide.ttf */ = {isa = PBXFileReference; lastKnownFileType = file; path = "Armageda Wide.ttf"; sourceTree = "<group>"; };
		FF4885B81B41E94800076C2B /* Armageda Wide.ttf */ = {isa = PBXFileReference; lastKnownFileType = file; name = "Armageda Wide.ttf"; path = "I Love Dots/Supporting Files/Armageda Wide.ttf"; sourceTree = "<group>"; };
		FF4A39CE1B3B4A0C00CBFA13 /* I Love Dots.app */ = {isa = PBXFileReference; explicitFileType = wrapper.application; includeInIndex = 0; path = "I Love Dots.app"; sourceTree = BUILT_PRODUCTS_DIR; };
		FF4A39E61B3B4A0C00CBFA13 /* I Love DotsTests.xctest */ = {isa = PBXFileReference; explicitFileType = wrapper.cfbundle; includeInIndex = 0; path = "I Love DotsTests.xctest"; sourceTree = BUILT_PRODUCTS_DIR; };
		FF4A39EA1B3B4A0C00CBFA13 /* I_Love_DotsTests.swift */ = {isa = PBXFileReference; lastKnownFileType = sourcecode.swift; path = I_Love_DotsTests.swift; sourceTree = "<group>"; };
		FF4A39EC1B3B4A0C00CBFA13 /* Info.plist */ = {isa = PBXFileReference; lastKnownFileType = text.plist.xml; path = Info.plist; sourceTree = "<group>"; };
		FF4A39F11B3B4A0D00CBFA13 /* I Love DotsUITests.xctest */ = {isa = PBXFileReference; explicitFileType = wrapper.cfbundle; includeInIndex = 0; path = "I Love DotsUITests.xctest"; sourceTree = BUILT_PRODUCTS_DIR; };
		FF4A39F51B3B4A0D00CBFA13 /* I_Love_DotsUITests.swift */ = {isa = PBXFileReference; lastKnownFileType = sourcecode.swift; path = I_Love_DotsUITests.swift; sourceTree = "<group>"; };
		FF4A39F71B3B4A0D00CBFA13 /* Info.plist */ = {isa = PBXFileReference; lastKnownFileType = text.plist.xml; path = Info.plist; sourceTree = "<group>"; };
		FF4A3A031B3B4B0600CBFA13 /* Images.xcassets */ = {isa = PBXFileReference; lastKnownFileType = folder.assetcatalog; path = Images.xcassets; sourceTree = "<group>"; };
		FF4A3A051B3B4B2600CBFA13 /* Info.plist */ = {isa = PBXFileReference; fileEncoding = 4; lastKnownFileType = text.plist.xml; path = Info.plist; sourceTree = "<group>"; };
		FF4A3A071B3B4B3600CBFA13 /* DBasicLevel.swift */ = {isa = PBXFileReference; fileEncoding = 4; lastKnownFileType = sourcecode.swift; path = DBasicLevel.swift; sourceTree = "<group>"; };
		FF4A3A081B3B4B3600CBFA13 /* GameModeSelector.swift */ = {isa = PBXFileReference; fileEncoding = 4; lastKnownFileType = sourcecode.swift; path = GameModeSelector.swift; sourceTree = "<group>"; };
		FF4A3A091B3B4B3600CBFA13 /* GameOver.swift */ = {isa = PBXFileReference; fileEncoding = 4; lastKnownFileType = sourcecode.swift; path = GameOver.swift; sourceTree = "<group>"; };
		FF4A3A0A1B3B4B3600CBFA13 /* GameScene.swift */ = {isa = PBXFileReference; fileEncoding = 4; lastKnownFileType = sourcecode.swift; path = GameScene.swift; sourceTree = "<group>"; };
		FF4A3A0B1B3B4B3600CBFA13 /* GameViewController.swift */ = {isa = PBXFileReference; fileEncoding = 4; lastKnownFileType = sourcecode.swift; path = GameViewController.swift; sourceTree = "<group>"; };
		FF4A3A0C1B3B4B3600CBFA13 /* Infinite.swift */ = {isa = PBXFileReference; fileEncoding = 4; lastKnownFileType = sourcecode.swift; path = Infinite.swift; sourceTree = "<group>"; };
		FF4A3A0D1B3B4B3600CBFA13 /* LoadingScreen.swift */ = {isa = PBXFileReference; fileEncoding = 4; lastKnownFileType = sourcecode.swift; path = LoadingScreen.swift; sourceTree = "<group>"; };
		FF4A3A0E1B3B4B3600CBFA13 /* MainMenu.swift */ = {isa = PBXFileReference; fileEncoding = 4; lastKnownFileType = sourcecode.swift; path = MainMenu.swift; sourceTree = "<group>"; };
		FF4A3A0F1B3B4B3600CBFA13 /* TimeTrial.swift */ = {isa = PBXFileReference; fileEncoding = 4; lastKnownFileType = sourcecode.swift; path = TimeTrial.swift; sourceTree = "<group>"; };
		FF4A3A1B1B3B4B7600CBFA13 /* AppDelegate.swift */ = {isa = PBXFileReference; fileEncoding = 4; lastKnownFileType = sourcecode.swift; path = AppDelegate.swift; sourceTree = "<group>"; };
		FF4A3A1E1B3B4BA300CBFA13 /* Base */ = {isa = PBXFileReference; lastKnownFileType = file.storyboard; name = Base; path = Base.lproj/Main.storyboard; sourceTree = "<group>"; };
		FF4A3A201B3B4BA300CBFA13 /* Base */ = {isa = PBXFileReference; lastKnownFileType = file.xib; name = Base; path = Base.lproj/LaunchScreen.xib; sourceTree = "<group>"; };
		FF4A3A271B3B4C5C00CBFA13 /* GameplayKit.framework */ = {isa = PBXFileReference; lastKnownFileType = wrapper.framework; name = GameplayKit.framework; path = "/Applications/Xcode-beta.app/Contents/Developer/Platforms/iPhoneOS.platform/Developer/SDKs/iPhoneOS9.0.sdk/System/Library/Frameworks/GameplayKit.framework"; sourceTree = "<absolute>"; };
		FF4A3A291B3B4C9F00CBFA13 /* GameKit.framework */ = {isa = PBXFileReference; lastKnownFileType = wrapper.framework; name = GameKit.framework; path = System/Library/Frameworks/GameKit.framework; sourceTree = SDKROOT; };
		FF5DEE881B3DD62300FE6C72 /* SettingsPane.swift */ = {isa = PBXFileReference; fileEncoding = 4; lastKnownFileType = sourcecode.swift; path = SettingsPane.swift; sourceTree = "<group>"; };
		FF892D6E1B46728100D47E2F /* VungleSDK.framework */ = {isa = PBXFileReference; lastKnownFileType = wrapper.framework; name = VungleSDK.framework; path = "../../../Downloads/VungleSDK.embeddedframework 2/VungleSDK.framework"; sourceTree = "<group>"; };
		FF9C9FF41B4512E1007C3A14 /* StoreKit.framework */ = {isa = PBXFileReference; lastKnownFileType = wrapper.framework; name = StoreKit.framework; path = System/Library/Frameworks/StoreKit.framework; sourceTree = SDKROOT; };
		FFAA73991B479FD800D90156 /* Multiplayer.swift */ = {isa = PBXFileReference; fileEncoding = 4; lastKnownFileType = sourcecode.swift; path = Multiplayer.swift; sourceTree = "<group>"; };
		FFAA739B1B47BC8200D90156 /* PositionPacket.swift */ = {isa = PBXFileReference; fileEncoding = 4; lastKnownFileType = sourcecode.swift; path = PositionPacket.swift; sourceTree = "<group>"; };
		FFC254441B3B992C001459A2 /* Supporting Files */ = {isa = PBXFileReference; lastKnownFileType = folder; path = "Supporting Files"; sourceTree = "<group>"; };
		FFC254461B3B99B5001459A2 /* Blackout Sunrise.ttf */ = {isa = PBXFileReference; lastKnownFileType = file; name = "Blackout Sunrise.ttf"; path = "I Love Dots/Supporting Files/Blackout Sunrise.ttf"; sourceTree = "<group>"; };
		FFD4C0371B41B0F100D9E1BD /* DancingDot.swift */ = {isa = PBXFileReference; fileEncoding = 4; lastKnownFileType = sourcecode.swift; path = DancingDot.swift; sourceTree = "<group>"; };
		FFFC62CA1B3B615B00B3D8CF /* GameScene.sks */ = {isa = PBXFileReference; lastKnownFileType = file.sks; path = GameScene.sks; sourceTree = "<group>"; };
		FFFC62CC1B3B620B00B3D8CF /* blop.wav */ = {isa = PBXFileReference; lastKnownFileType = audio.wav; path = blop.wav; sourceTree = "<group>"; };
/* End PBXFileReference section */

/* Begin PBXFrameworksBuildPhase section */
		FF4A39CB1B3B4A0C00CBFA13 /* Frameworks */ = {
			isa = PBXFrameworksBuildPhase;
			buildActionMask = 2147483647;
			files = (
				FF6D47E11B49978800B33F6D /* VungleSDK.framework in Frameworks */,
				FF317BCC1B44E029006855A6 /* Security.framework in Frameworks */,
				FF317BCA1B44E022006855A6 /* QuartzCore.framework in Frameworks */,
				FF317BC81B44DFFC006855A6 /* MobileCoreServices.framework in Frameworks */,
				FF317BC61B44DFF4006855A6 /* CoreLocation.framework in Frameworks */,
				FF317BC41B44DFEB006855A6 /* CFNetwork.framework in Frameworks */,
				FF317B841B448D5C006855A6 /* AudioToolbox.framework in Frameworks */,
				FF317BC21B44DFDB006855A6 /* libz.dylib in Frameworks */,
				FF317BBF1B44DFBE006855A6 /* Bolts.framework in Frameworks */,
				FF317BC01B44DFBE006855A6 /* Parse.framework in Frameworks */,
				FF317BA71B44AB76006855A6 /* libsqlite3.dylib in Frameworks */,
				FF317B861B448D61006855A6 /* AdSupport.framework in Frameworks */,
				FF9C9FF51B4512E1007C3A14 /* StoreKit.framework in Frameworks */,
				FF317B821B448D55006855A6 /* AVFoundation.framework in Frameworks */,
				FF317B801B448D4F006855A6 /* CoreGraphics.framework in Frameworks */,
				FF317B7E1B448D4A006855A6 /* CoreMedia.framework in Frameworks */,
				FF317B7C1B448D44006855A6 /* CoreTelephony.framework in Frameworks */,
				FF317B791B448D3F006855A6 /* EventKit.framework in Frameworks */,
				FF317B7A1B448D3F006855A6 /* EventKitUI.framework in Frameworks */,
				FF317B761B448D37006855A6 /* MessageUI.framework in Frameworks */,
				FF317B741B448D2A006855A6 /* SystemConfiguration.framework in Frameworks */,
				FFB4F42F1B3C817A00B2D6BE /* GameKit.framework in Frameworks */,
				FF317B721B448CF8006855A6 /* GoogleMobileAds.framework in Frameworks */,
			);
			runOnlyForDeploymentPostprocessing = 0;
		};
		FF4A39E31B3B4A0C00CBFA13 /* Frameworks */ = {
			isa = PBXFrameworksBuildPhase;
			buildActionMask = 2147483647;
			files = (
			);
			runOnlyForDeploymentPostprocessing = 0;
		};
		FF4A39EE1B3B4A0D00CBFA13 /* Frameworks */ = {
			isa = PBXFrameworksBuildPhase;
			buildActionMask = 2147483647;
			files = (
			);
			runOnlyForDeploymentPostprocessing = 0;
		};
/* End PBXFrameworksBuildPhase section */

/* Begin PBXGroup section */
		FF317BAA1B44AC5C006855A6 /* Resource */ = {
			isa = PBXGroup;
			children = (
				FF317BAB1B44AC5C006855A6 /* __vungle.db */,
				FF317BAC1B44AC5C006855A6 /* vg_close.png */,
				FF317BAD1B44AC5C006855A6 /* vg_cta.png */,
				FF317BAE1B44AC5C006855A6 /* vg_mute_off.png */,
				FF317BAF1B44AC5C006855A6 /* vg_mute_on.png */,
				FF317BB01B44AC5C006855A6 /* vg_timer.png */,
			);
			path = Resource;
			sourceTree = "<group>";
		};
		FF4A39C51B3B4A0C00CBFA13 = {
			isa = PBXGroup;
			children = (
				FF892D6E1B46728100D47E2F /* VungleSDK.framework */,
				FF2D11A61B451DBF00084A7D /* VungleSDK.framework */,
				FF9C9FF41B4512E1007C3A14 /* StoreKit.framework */,
				FF317BCB1B44E029006855A6 /* Security.framework */,
				FF317BC91B44E022006855A6 /* QuartzCore.framework */,
				FF317BC71B44DFFC006855A6 /* MobileCoreServices.framework */,
				FF317BC51B44DFF4006855A6 /* CoreLocation.framework */,
				FF317BC31B44DFEB006855A6 /* CFNetwork.framework */,
				FF317BC11B44DFDB006855A6 /* libz.dylib */,
				FF317BBD1B44DFBE006855A6 /* Bolts.framework */,
				FF317BBE1B44DFBE006855A6 /* Parse.framework */,
				FF317B981B44A824006855A6 /* libsqlite3.dylib */,
				FF317B851B448D61006855A6 /* AdSupport.framework */,
				FF317B831B448D5C006855A6 /* AudioToolbox.framework */,
				FF317B811B448D55006855A6 /* AVFoundation.framework */,
				FF317B7F1B448D4F006855A6 /* CoreGraphics.framework */,
				FF317B7D1B448D4A006855A6 /* CoreMedia.framework */,
				FF317B7B1B448D44006855A6 /* CoreTelephony.framework */,
				FF317B771B448D3F006855A6 /* EventKit.framework */,
				FF317B781B448D3F006855A6 /* EventKitUI.framework */,
				FF317B751B448D37006855A6 /* MessageUI.framework */,
				FF317B731B448D2A006855A6 /* SystemConfiguration.framework */,
				FF317B711B448CF8006855A6 /* GoogleMobileAds.framework */,
				FF4885B81B41E94800076C2B /* Armageda Wide.ttf */,
				FFC254461B3B99B5001459A2 /* Blackout Sunrise.ttf */,
				FF4885B61B41E82000076C2B /* Armageda Wide.ttf */,
				FF4A3A291B3B4C9F00CBFA13 /* GameKit.framework */,
				FF4A3A271B3B4C5C00CBFA13 /* GameplayKit.framework */,
				FF4A39D01B3B4A0C00CBFA13 /* I Love Dots */,
				FF4A39E91B3B4A0C00CBFA13 /* I Love DotsTests */,
				FF4A39F41B3B4A0D00CBFA13 /* I Love DotsUITests */,
				FF4A39CF1B3B4A0C00CBFA13 /* Products */,
			);
			sourceTree = "<group>";
		};
		FF4A39CF1B3B4A0C00CBFA13 /* Products */ = {
			isa = PBXGroup;
			children = (
				FF4A39CE1B3B4A0C00CBFA13 /* I Love Dots.app */,
				FF4A39E61B3B4A0C00CBFA13 /* I Love DotsTests.xctest */,
				FF4A39F11B3B4A0D00CBFA13 /* I Love DotsUITests.xctest */,
			);
			name = Products;
			sourceTree = "<group>";
		};
		FF4A39D01B3B4A0C00CBFA13 /* I Love Dots */ = {
			isa = PBXGroup;
			children = (
				FF4A3A1B1B3B4B7600CBFA13 /* AppDelegate.swift */,
				FF317BAA1B44AC5C006855A6 /* Resource */,
				FF4A3A071B3B4B3600CBFA13 /* DBasicLevel.swift */,
				FF4A3A081B3B4B3600CBFA13 /* GameModeSelector.swift */,
				FF4A3A091B3B4B3600CBFA13 /* GameOver.swift */,
				FF317B6D1B444D0D006855A6 /* TimeSelector.swift */,
				FF317B6F1B444E47006855A6 /* DotsCommon.swift */,
				FFFC62CA1B3B615B00B3D8CF /* GameScene.sks */,
				FF4A3A0A1B3B4B3600CBFA13 /* GameScene.swift */,
				FF4A3A0B1B3B4B3600CBFA13 /* GameViewController.swift */,
				FF317B971B44A5E9006855A6 /* I_Love_Dots_Bridging_Header.h */,
				FF5DEE881B3DD62300FE6C72 /* SettingsPane.swift */,
				FFAA73991B479FD800D90156 /* Multiplayer.swift */,
				FFAA739B1B47BC8200D90156 /* PositionPacket.swift */,
				FF4A3A0C1B3B4B3600CBFA13 /* Infinite.swift */,
				FF4A3A0D1B3B4B3600CBFA13 /* LoadingScreen.swift */,
				FF4A3A0E1B3B4B3600CBFA13 /* MainMenu.swift */,
				FFD4C0371B41B0F100D9E1BD /* DancingDot.swift */,
				FF4A3A0F1B3B4B3600CBFA13 /* TimeTrial.swift */,
				FFC254441B3B992C001459A2 /* Supporting Files */,
				FF4A3A1D1B3B4BA300CBFA13 /* Main.storyboard */,
				FF4A3A1F1B3B4BA300CBFA13 /* LaunchScreen.xib */,
				FFFC62CC1B3B620B00B3D8CF /* blop.wav */,
				FF4A3A031B3B4B0600CBFA13 /* Images.xcassets */,
				FF4A3A051B3B4B2600CBFA13 /* Info.plist */,
			);
			path = "I Love Dots";
			sourceTree = "<group>";
		};
		FF4A39E91B3B4A0C00CBFA13 /* I Love DotsTests */ = {
			isa = PBXGroup;
			children = (
				FF4A39EA1B3B4A0C00CBFA13 /* I_Love_DotsTests.swift */,
				FF4A39EC1B3B4A0C00CBFA13 /* Info.plist */,
			);
			path = "I Love DotsTests";
			sourceTree = "<group>";
		};
		FF4A39F41B3B4A0D00CBFA13 /* I Love DotsUITests */ = {
			isa = PBXGroup;
			children = (
				FF4A39F51B3B4A0D00CBFA13 /* I_Love_DotsUITests.swift */,
				FF4A39F71B3B4A0D00CBFA13 /* Info.plist */,
			);
			path = "I Love DotsUITests";
			sourceTree = "<group>";
		};
/* End PBXGroup section */

/* Begin PBXNativeTarget section */
		FF4A39CD1B3B4A0C00CBFA13 /* I Love Dots */ = {
			isa = PBXNativeTarget;
			buildConfigurationList = FF4A39FA1B3B4A0D00CBFA13 /* Build configuration list for PBXNativeTarget "I Love Dots" */;
			buildPhases = (
				FF4A39CA1B3B4A0C00CBFA13 /* Sources */,
				FF4A39CB1B3B4A0C00CBFA13 /* Frameworks */,
				FF4A39CC1B3B4A0C00CBFA13 /* Resources */,
			);
			buildRules = (
			);
			dependencies = (
			);
			name = "I Love Dots";
			productName = "I Love Dots";
			productReference = FF4A39CE1B3B4A0C00CBFA13 /* I Love Dots.app */;
			productType = "com.apple.product-type.application";
		};
		FF4A39E51B3B4A0C00CBFA13 /* I Love DotsTests */ = {
			isa = PBXNativeTarget;
			buildConfigurationList = FF4A39FD1B3B4A0D00CBFA13 /* Build configuration list for PBXNativeTarget "I Love DotsTests" */;
			buildPhases = (
				FF4A39E21B3B4A0C00CBFA13 /* Sources */,
				FF4A39E31B3B4A0C00CBFA13 /* Frameworks */,
				FF4A39E41B3B4A0C00CBFA13 /* Resources */,
			);
			buildRules = (
			);
			dependencies = (
				FF4A39E81B3B4A0C00CBFA13 /* PBXTargetDependency */,
			);
			name = "I Love DotsTests";
			productName = "I Love DotsTests";
			productReference = FF4A39E61B3B4A0C00CBFA13 /* I Love DotsTests.xctest */;
			productType = "com.apple.product-type.bundle.unit-test";
		};
		FF4A39F01B3B4A0D00CBFA13 /* I Love DotsUITests */ = {
			isa = PBXNativeTarget;
			buildConfigurationList = FF4A3A001B3B4A0D00CBFA13 /* Build configuration list for PBXNativeTarget "I Love DotsUITests" */;
			buildPhases = (
				FF4A39ED1B3B4A0D00CBFA13 /* Sources */,
				FF4A39EE1B3B4A0D00CBFA13 /* Frameworks */,
				FF4A39EF1B3B4A0D00CBFA13 /* Resources */,
			);
			buildRules = (
			);
			dependencies = (
				FF4A39F31B3B4A0D00CBFA13 /* PBXTargetDependency */,
			);
			name = "I Love DotsUITests";
			productName = "I Love DotsUITests";
			productReference = FF4A39F11B3B4A0D00CBFA13 /* I Love DotsUITests.xctest */;
			productType = "com.apple.product-type.bundle.ui-testing";
		};
/* End PBXNativeTarget section */

/* Begin PBXProject section */
		FF4A39C61B3B4A0C00CBFA13 /* Project object */ = {
			isa = PBXProject;
			attributes = {
				LastUpgradeCheck = 0700;
				ORGANIZATIONNAME = "Chris Gilardi";
				TargetAttributes = {
					FF4A39CD1B3B4A0C00CBFA13 = {
						CreatedOnToolsVersion = 7.0;
						DevelopmentTeam = 26YT7FJBW3;
						SystemCapabilities = {
							com.apple.GameCenter = {
								enabled = 1;
							};
							com.apple.InAppPurchase = {
								enabled = 1;
							};
						};
					};
					FF4A39E51B3B4A0C00CBFA13 = {
						CreatedOnToolsVersion = 7.0;
						TestTargetID = FF4A39CD1B3B4A0C00CBFA13;
					};
					FF4A39F01B3B4A0D00CBFA13 = {
						CreatedOnToolsVersion = 7.0;
						TestTargetID = FF4A39CD1B3B4A0C00CBFA13;
					};
				};
			};
			buildConfigurationList = FF4A39C91B3B4A0C00CBFA13 /* Build configuration list for PBXProject "I Love Dots" */;
			compatibilityVersion = "Xcode 3.2";
			developmentRegion = English;
			hasScannedForEncodings = 0;
			knownRegions = (
				en,
				Base,
			);
			mainGroup = FF4A39C51B3B4A0C00CBFA13;
			productRefGroup = FF4A39CF1B3B4A0C00CBFA13 /* Products */;
			projectDirPath = "";
			projectRoot = "";
			targets = (
				FF4A39CD1B3B4A0C00CBFA13 /* I Love Dots */,
				FF4A39E51B3B4A0C00CBFA13 /* I Love DotsTests */,
				FF4A39F01B3B4A0D00CBFA13 /* I Love DotsUITests */,
			);
		};
/* End PBXProject section */

/* Begin PBXResourcesBuildPhase section */
		FF4A39CC1B3B4A0C00CBFA13 /* Resources */ = {
			isa = PBXResourcesBuildPhase;
			buildActionMask = 2147483647;
			files = (
				FF4885B91B41E94800076C2B /* Armageda Wide.ttf in Resources */,
				FFC254471B3B99B5001459A2 /* Blackout Sunrise.ttf in Resources */,
				FF317BB61B44AC5C006855A6 /* vg_timer.png in Resources */,
				FFC254451B3B992C001459A2 /* Supporting Files in Resources */,
				FF317BB41B44AC5C006855A6 /* vg_mute_off.png in Resources */,
				FF317BB21B44AC5C006855A6 /* vg_close.png in Resources */,
				FF317BA81B44AC04006855A6 /* Main.storyboard in Resources */,
				FF317BB51B44AC5C006855A6 /* vg_mute_on.png in Resources */,
				FF317BB11B44AC5C006855A6 /* __vungle.db in Resources */,
				FF317BA91B44AC08006855A6 /* LaunchScreen.xib in Resources */,
				FF317BB31B44AC5C006855A6 /* vg_cta.png in Resources */,
				FF4A3A041B3B4B0600CBFA13 /* Images.xcassets in Resources */,
				FFFC62CD1B3B620B00B3D8CF /* blop.wav in Resources */,
				FFFC62CB1B3B615B00B3D8CF /* GameScene.sks in Resources */,
			);
			runOnlyForDeploymentPostprocessing = 0;
		};
		FF4A39E41B3B4A0C00CBFA13 /* Resources */ = {
			isa = PBXResourcesBuildPhase;
			buildActionMask = 2147483647;
			files = (
			);
			runOnlyForDeploymentPostprocessing = 0;
		};
		FF4A39EF1B3B4A0D00CBFA13 /* Resources */ = {
			isa = PBXResourcesBuildPhase;
			buildActionMask = 2147483647;
			files = (
			);
			runOnlyForDeploymentPostprocessing = 0;
		};
/* End PBXResourcesBuildPhase section */

/* Begin PBXSourcesBuildPhase section */
		FF4A39CA1B3B4A0C00CBFA13 /* Sources */ = {
			isa = PBXSourcesBuildPhase;
			buildActionMask = 2147483647;
			files = (
				FF4A3A151B3B4B3600CBFA13 /* Infinite.swift in Sources */,
				FF4A3A171B3B4B3600CBFA13 /* MainMenu.swift in Sources */,
				FF4A3A131B3B4B3600CBFA13 /* GameScene.swift in Sources */,
				FFAA739A1B479FD800D90156 /* Multiplayer.swift in Sources */,
				FF4A3A111B3B4B3600CBFA13 /* GameModeSelector.swift in Sources */,
				FF4A3A101B3B4B3600CBFA13 /* DBasicLevel.swift in Sources */,
				FF4A3A161B3B4B3600CBFA13 /* LoadingScreen.swift in Sources */,
				FF4A3A181B3B4B3600CBFA13 /* TimeTrial.swift in Sources */,
				FF4A3A141B3B4B3600CBFA13 /* GameViewController.swift in Sources */,
				FF5DEE891B3DD62300FE6C72 /* SettingsPane.swift in Sources */,
				FF4A3A1C1B3B4B7600CBFA13 /* AppDelegate.swift in Sources */,
				FF317B701B444E47006855A6 /* DotsCommon.swift in Sources */,
				FFAA739C1B47BC8200D90156 /* PositionPacket.swift in Sources */,
				FF317B6E1B444D0D006855A6 /* TimeSelector.swift in Sources */,
				FFD4C0381B41B0F100D9E1BD /* DancingDot.swift in Sources */,
				FF4A3A121B3B4B3600CBFA13 /* GameOver.swift in Sources */,
			);
			runOnlyForDeploymentPostprocessing = 0;
		};
		FF4A39E21B3B4A0C00CBFA13 /* Sources */ = {
			isa = PBXSourcesBuildPhase;
			buildActionMask = 2147483647;
			files = (
				FF4A39EB1B3B4A0C00CBFA13 /* I_Love_DotsTests.swift in Sources */,
			);
			runOnlyForDeploymentPostprocessing = 0;
		};
		FF4A39ED1B3B4A0D00CBFA13 /* Sources */ = {
			isa = PBXSourcesBuildPhase;
			buildActionMask = 2147483647;
			files = (
				FF4A39F61B3B4A0D00CBFA13 /* I_Love_DotsUITests.swift in Sources */,
			);
			runOnlyForDeploymentPostprocessing = 0;
		};
/* End PBXSourcesBuildPhase section */

/* Begin PBXTargetDependency section */
		FF4A39E81B3B4A0C00CBFA13 /* PBXTargetDependency */ = {
			isa = PBXTargetDependency;
			target = FF4A39CD1B3B4A0C00CBFA13 /* I Love Dots */;
			targetProxy = FF4A39E71B3B4A0C00CBFA13 /* PBXContainerItemProxy */;
		};
		FF4A39F31B3B4A0D00CBFA13 /* PBXTargetDependency */ = {
			isa = PBXTargetDependency;
			target = FF4A39CD1B3B4A0C00CBFA13 /* I Love Dots */;
			targetProxy = FF4A39F21B3B4A0D00CBFA13 /* PBXContainerItemProxy */;
		};
/* End PBXTargetDependency section */

/* Begin PBXVariantGroup section */
		FF4A3A1D1B3B4BA300CBFA13 /* Main.storyboard */ = {
			isa = PBXVariantGroup;
			children = (
				FF4A3A1E1B3B4BA300CBFA13 /* Base */,
			);
			name = Main.storyboard;
			sourceTree = "<group>";
		};
		FF4A3A1F1B3B4BA300CBFA13 /* LaunchScreen.xib */ = {
			isa = PBXVariantGroup;
			children = (
				FF4A3A201B3B4BA300CBFA13 /* Base */,
			);
			name = LaunchScreen.xib;
			sourceTree = "<group>";
		};
/* End PBXVariantGroup section */

/* Begin XCBuildConfiguration section */
		FF4A39F81B3B4A0D00CBFA13 /* Debug */ = {
			isa = XCBuildConfiguration;
			buildSettings = {
				ALWAYS_SEARCH_USER_PATHS = NO;
				CLANG_CXX_LANGUAGE_STANDARD = "gnu++0x";
				CLANG_CXX_LIBRARY = "libc++";
				CLANG_ENABLE_MODULES = YES;
				CLANG_ENABLE_OBJC_ARC = YES;
				CLANG_WARN_BOOL_CONVERSION = YES;
				CLANG_WARN_CONSTANT_CONVERSION = YES;
				CLANG_WARN_DIRECT_OBJC_ISA_USAGE = YES_ERROR;
				CLANG_WARN_EMPTY_BODY = YES;
				CLANG_WARN_ENUM_CONVERSION = YES;
				CLANG_WARN_INT_CONVERSION = YES;
				CLANG_WARN_OBJC_ROOT_CLASS = YES_ERROR;
				CLANG_WARN_UNREACHABLE_CODE = YES;
				CLANG_WARN__DUPLICATE_METHOD_MATCH = YES;
				CODE_SIGN_IDENTITY = "iPhone Developer: Tom Gilardi (J4NCJXZ9FM)";
				"CODE_SIGN_IDENTITY[sdk=iphoneos*]" = "iPhone Developer";
				COPY_PHASE_STRIP = NO;
				DEBUG_INFORMATION_FORMAT = dwarf;
				ENABLE_STRICT_OBJC_MSGSEND = YES;
				ENABLE_TESTABILITY = YES;
				GCC_C_LANGUAGE_STANDARD = gnu99;
				GCC_DYNAMIC_NO_PIC = NO;
				GCC_NO_COMMON_BLOCKS = YES;
				GCC_OPTIMIZATION_LEVEL = 0;
				GCC_PREPROCESSOR_DEFINITIONS = (
					"DEBUG=1",
					"$(inherited)",
				);
				GCC_WARN_64_TO_32_BIT_CONVERSION = YES;
				GCC_WARN_ABOUT_RETURN_TYPE = YES_ERROR;
				GCC_WARN_UNDECLARED_SELECTOR = YES;
				GCC_WARN_UNINITIALIZED_AUTOS = YES_AGGRESSIVE;
				GCC_WARN_UNUSED_FUNCTION = YES;
				GCC_WARN_UNUSED_VARIABLE = YES;
				IPHONEOS_DEPLOYMENT_TARGET = 8.3;
				MTL_ENABLE_DEBUG_INFO = YES;
				ONLY_ACTIVE_ARCH = YES;
				SDKROOT = iphoneos;
				SWIFT_OPTIMIZATION_LEVEL = "-Onone";
				TARGETED_DEVICE_FAMILY = "1,2";
			};
			name = Debug;
		};
		FF4A39F91B3B4A0D00CBFA13 /* Release */ = {
			isa = XCBuildConfiguration;
			buildSettings = {
				ALWAYS_SEARCH_USER_PATHS = NO;
				CLANG_CXX_LANGUAGE_STANDARD = "gnu++0x";
				CLANG_CXX_LIBRARY = "libc++";
				CLANG_ENABLE_MODULES = YES;
				CLANG_ENABLE_OBJC_ARC = YES;
				CLANG_WARN_BOOL_CONVERSION = YES;
				CLANG_WARN_CONSTANT_CONVERSION = YES;
				CLANG_WARN_DIRECT_OBJC_ISA_USAGE = YES_ERROR;
				CLANG_WARN_EMPTY_BODY = YES;
				CLANG_WARN_ENUM_CONVERSION = YES;
				CLANG_WARN_INT_CONVERSION = YES;
				CLANG_WARN_OBJC_ROOT_CLASS = YES_ERROR;
				CLANG_WARN_UNREACHABLE_CODE = YES;
				CLANG_WARN__DUPLICATE_METHOD_MATCH = YES;
				CODE_SIGN_IDENTITY = "iPhone Developer: Tom Gilardi (J4NCJXZ9FM)";
				"CODE_SIGN_IDENTITY[sdk=iphoneos*]" = "iPhone Developer";
				COPY_PHASE_STRIP = NO;
				DEBUG_INFORMATION_FORMAT = "dwarf-with-dsym";
				ENABLE_NS_ASSERTIONS = NO;
				ENABLE_STRICT_OBJC_MSGSEND = YES;
				GCC_C_LANGUAGE_STANDARD = gnu99;
				GCC_NO_COMMON_BLOCKS = YES;
				GCC_WARN_64_TO_32_BIT_CONVERSION = YES;
				GCC_WARN_ABOUT_RETURN_TYPE = YES_ERROR;
				GCC_WARN_UNDECLARED_SELECTOR = YES;
				GCC_WARN_UNINITIALIZED_AUTOS = YES_AGGRESSIVE;
				GCC_WARN_UNUSED_FUNCTION = YES;
				GCC_WARN_UNUSED_VARIABLE = YES;
				IPHONEOS_DEPLOYMENT_TARGET = 8.3;
				MTL_ENABLE_DEBUG_INFO = NO;
				SDKROOT = iphoneos;
				TARGETED_DEVICE_FAMILY = "1,2";
				VALIDATE_PRODUCT = YES;
			};
			name = Release;
		};
		FF4A39FB1B3B4A0D00CBFA13 /* Debug */ = {
			isa = XCBuildConfiguration;
			buildSettings = {
				ASSETCATALOG_COMPILER_APPICON_NAME = AppIcon;
				CODE_SIGN_IDENTITY = "iPhone Developer";
				"CODE_SIGN_IDENTITY[sdk=iphoneos*]" = "iPhone Developer";
				FRAMEWORK_SEARCH_PATHS = (
					"$(inherited)",
					"/Users/chrisgilardi/Downloads/GoogleMobileAdsSdkiOS-7.3.1",
					/Users/chrisgilardi/Downloads/VungleSDK.embeddedframework,
					2,
					"/Users/chrisgilardi/Downloads/aws-ios-sdk-2.2.0/frameworks",
					"/Users/chrisgilardi/Downloads/aws-ios-sdk-2.2.0/frameworks/extras",
					"/Users/chrisgilardi/Downloads/parse-library-1.7.5",
					/Users/chrisgilardi/Downloads/VungleSDK.embeddedframework,
					2,
					/Users/chrisgilardi/Downloads/VungleSDK.embeddedframework,
					2,
					"$(PROJECT_DIR)/I",
					Love,
					Dots,
					/Users/chrisgilardi/Downloads/VungleSDK.embeddedframework,
					2,
					/Users/chrisgilardi/Downloads/VungleSDK.embeddedframework,
					2,
					/Users/chrisgilardi/Downloads/VungleSDK.embeddedframework,
					2,
				);
				INFOPLIST_FILE = "I Love Dots/Info.plist";
				IPHONEOS_DEPLOYMENT_TARGET = 8.3;
				LD_RUNPATH_SEARCH_PATHS = "$(inherited) @executable_path/Frameworks";
				OTHER_CODE_SIGN_FLAGS = "";
				PRODUCT_BUNDLE_IDENTIFIER = "co.bluetruck.I-Love-Dots";
				PRODUCT_NAME = "$(TARGET_NAME)";
				PROVISIONING_PROFILE = "";
				SWIFT_OBJC_BRIDGING_HEADER = "I Love Dots/I_Love_Dots_Bridging_Header.h";
			};
			name = Debug;
		};
		FF4A39FC1B3B4A0D00CBFA13 /* Release */ = {
			isa = XCBuildConfiguration;
			buildSettings = {
				ASSETCATALOG_COMPILER_APPICON_NAME = AppIcon;
				CODE_SIGN_IDENTITY = "iPhone Developer";
				"CODE_SIGN_IDENTITY[sdk=iphoneos*]" = "iPhone Developer";
				FRAMEWORK_SEARCH_PATHS = (
					"$(inherited)",
					"/Users/chrisgilardi/Downloads/GoogleMobileAdsSdkiOS-7.3.1",
					/Users/chrisgilardi/Downloads/VungleSDK.embeddedframework,
					2,
					"/Users/chrisgilardi/Downloads/aws-ios-sdk-2.2.0/frameworks",
					"/Users/chrisgilardi/Downloads/aws-ios-sdk-2.2.0/frameworks/extras",
					"/Users/chrisgilardi/Downloads/parse-library-1.7.5",
					/Users/chrisgilardi/Downloads/VungleSDK.embeddedframework,
					2,
					/Users/chrisgilardi/Downloads/VungleSDK.embeddedframework,
					2,
					"$(PROJECT_DIR)/I",
					Love,
					Dots,
					/Users/chrisgilardi/Downloads/VungleSDK.embeddedframework,
					2,
					/Users/chrisgilardi/Downloads/VungleSDK.embeddedframework,
					2,
					/Users/chrisgilardi/Downloads/VungleSDK.embeddedframework,
					2,
				);
				INFOPLIST_FILE = "I Love Dots/Info.plist";
				IPHONEOS_DEPLOYMENT_TARGET = 8.3;
				LD_RUNPATH_SEARCH_PATHS = "$(inherited) @executable_path/Frameworks";
				OTHER_CODE_SIGN_FLAGS = "";
				PRODUCT_BUNDLE_IDENTIFIER = "co.bluetruck.I-Love-Dots";
				PRODUCT_NAME = "$(TARGET_NAME)";
				PROVISIONING_PROFILE = "";
				SWIFT_OBJC_BRIDGING_HEADER = "I Love Dots/I_Love_Dots_Bridging_Header.h";
			};
			name = Release;
		};
		FF4A39FE1B3B4A0D00CBFA13 /* Debug */ = {
			isa = XCBuildConfiguration;
			buildSettings = {
				BUNDLE_LOADER = "$(TEST_HOST)";
				INFOPLIST_FILE = "I Love DotsTests/Info.plist";
				LD_RUNPATH_SEARCH_PATHS = "$(inherited) @executable_path/Frameworks @loader_path/Frameworks";
				PRODUCT_BUNDLE_IDENTIFIER = "co.bluetruck.I-Love-DotsTests";
				PRODUCT_NAME = "$(TARGET_NAME)";
				TEST_HOST = "$(BUILT_PRODUCTS_DIR)/I Love Dots.app/I Love Dots";
			};
			name = Debug;
		};
		FF4A39FF1B3B4A0D00CBFA13 /* Release */ = {
			isa = XCBuildConfiguration;
			buildSettings = {
				BUNDLE_LOADER = "$(TEST_HOST)";
				INFOPLIST_FILE = "I Love DotsTests/Info.plist";
				LD_RUNPATH_SEARCH_PATHS = "$(inherited) @executable_path/Frameworks @loader_path/Frameworks";
				PRODUCT_BUNDLE_IDENTIFIER = "co.bluetruck.I-Love-DotsTests";
				PRODUCT_NAME = "$(TARGET_NAME)";
				TEST_HOST = "$(BUILT_PRODUCTS_DIR)/I Love Dots.app/I Love Dots";
			};
			name = Release;
		};
		FF4A3A011B3B4A0D00CBFA13 /* Debug */ = {
			isa = XCBuildConfiguration;
			buildSettings = {
				INFOPLIST_FILE = "I Love DotsUITests/Info.plist";
				LD_RUNPATH_SEARCH_PATHS = "$(inherited) @executable_path/Frameworks @loader_path/Frameworks";
				PRODUCT_BUNDLE_IDENTIFIER = "co.bluetruck.I-Love-DotsUITests";
				PRODUCT_NAME = "$(TARGET_NAME)";
				TEST_TARGET_NAME = "I Love Dots";
				USES_XCTRUNNER = YES;
			};
			name = Debug;
		};
		FF4A3A021B3B4A0D00CBFA13 /* Release */ = {
			isa = XCBuildConfiguration;
			buildSettings = {
				INFOPLIST_FILE = "I Love DotsUITests/Info.plist";
				LD_RUNPATH_SEARCH_PATHS = "$(inherited) @executable_path/Frameworks @loader_path/Frameworks";
				PRODUCT_BUNDLE_IDENTIFIER = "co.bluetruck.I-Love-DotsUITests";
				PRODUCT_NAME = "$(TARGET_NAME)";
				TEST_TARGET_NAME = "I Love Dots";
				USES_XCTRUNNER = YES;
			};
			name = Release;
		};
/* End XCBuildConfiguration section */

/* Begin XCConfigurationList section */
		FF4A39C91B3B4A0C00CBFA13 /* Build configuration list for PBXProject "I Love Dots" */ = {
			isa = XCConfigurationList;
			buildConfigurations = (
				FF4A39F81B3B4A0D00CBFA13 /* Debug */,
				FF4A39F91B3B4A0D00CBFA13 /* Release */,
			);
			defaultConfigurationIsVisible = 0;
			defaultConfigurationName = Release;
		};
		FF4A39FA1B3B4A0D00CBFA13 /* Build configuration list for PBXNativeTarget "I Love Dots" */ = {
			isa = XCConfigurationList;
			buildConfigurations = (
				FF4A39FB1B3B4A0D00CBFA13 /* Debug */,
				FF4A39FC1B3B4A0D00CBFA13 /* Release */,
			);
			defaultConfigurationIsVisible = 0;
			defaultConfigurationName = Release;
		};
		FF4A39FD1B3B4A0D00CBFA13 /* Build configuration list for PBXNativeTarget "I Love DotsTests" */ = {
			isa = XCConfigurationList;
			buildConfigurations = (
				FF4A39FE1B3B4A0D00CBFA13 /* Debug */,
				FF4A39FF1B3B4A0D00CBFA13 /* Release */,
			);
			defaultConfigurationIsVisible = 0;
			defaultConfigurationName = Release;
		};
		FF4A3A001B3B4A0D00CBFA13 /* Build configuration list for PBXNativeTarget "I Love DotsUITests" */ = {
			isa = XCConfigurationList;
			buildConfigurations = (
				FF4A3A011B3B4A0D00CBFA13 /* Debug */,
				FF4A3A021B3B4A0D00CBFA13 /* Release */,
			);
			defaultConfigurationIsVisible = 0;
			defaultConfigurationName = Release;
		};
/* End XCConfigurationList section */
	};
	rootObject = FF4A39C61B3B4A0C00CBFA13 /* Project object */;
}
